
Microsoft Visual Studio Solution File, Format Version 12.00
# Visual Studio 15
Project("{FAE04EC0-301F-11D3-BF4B-00C04F79EFBC}") = "лаба", "лаба\лаба.csproj", "{0DB97C2F-53A1-46EE-8FCC-D89FE3FC2E09}"
EndProject
Global
	GlobalSection(SolutionConfigurationPlatforms) = preSolution
		Debug|anycpu = Debug|anycpu
		Release|anycpu = Release|anycpu
	EndGlobalSection
	GlobalSection(ProjectConfigurationPlatforms) = postSolution
		{0DB97C2F-53A1-46EE-8FCC-D89FE3FC2E09}.Debug|anycpu.ActiveCfg = Debug|anycpu
		{0DB97C2F-53A1-46EE-8FCC-D89FE3FC2E09}.Debug|anycpu.Build.0 = Debug|anycpu
		{0DB97C2F-53A1-46EE-8FCC-D89FE3FC2E09}.Release|anycpu.ActiveCfg = Release|anycpu
		{0DB97C2F-53A1-46EE-8FCC-D89FE3FC2E09}.Release|anycpu.Build.0 = Release|anycpu
	EndGlobalSection
EndGlobal
